{
    "name": "dresscode-quantum",
    "version": "0.0.0",
    "lockfileVersion": 1,
    "requires": true,
    "dependencies": {
        "dresscode-bricks": {
            "version": "0.2.4",
            "resolved": "https://registry.npmjs.org/dresscode-bricks/-/dresscode-bricks-0.2.4.tgz",
            "integrity": "sha512-YRCSQmEi5HZQW2xh8lKRb8gi1KSZU8gHB39DBtzGjEWekALK6mJ0T4bSHb9k5wOioMuJtwnOPziZaVBNXpIgkQ=="
        }
    }
}
