{
    "name": "dresscode-quantum",
    "version": "0.0.14",
    "lockfileVersion": 1,
    "requires": true,
    "dependencies": {
        "dresscode-bricks": {
            "version": "0.2.10",
            "resolved": "https://registry.npmjs.org/dresscode-bricks/-/dresscode-bricks-0.2.10.tgz",
            "integrity": "sha512-pyj0xrPpIx1UQ9gF1OCju9bSQiFemDBxhQFSbbJ6Ww7YlpLpvhSdsU1azfcsF0C1rO9zhJqjBYoMxd5fyq9bjw=="
        }
    }
}
